{
  "name": "nodejs",
  "version": "1.0.0",
  "lockfileVersion": 1,
  "requires": true,
  "dependencies": {
    "nodemailer": {
      "version": "5.0.0",
      "resolved": "https://registry.npmjs.org/nodemailer/-/nodemailer-5.0.0.tgz",
      "integrity": "sha512-XI4PI5L7GYcJyHkPcHlvPyRrYohNYBNRNbt1tU8PXNU3E1ADJC84a13V0vbL9AM431OP+ETacaGXAF8fGn1JvA=="
    }
  }
}
